{
  "name": "fem-ng2-ngrx-app",
  "version": "0.0.1",
  "dependencies": {
    "@angular/common": {
      "version": "2.4.6",
      "from": "@angular/common@2.4.6",
      "resolved": "https://registry.npmjs.org/@angular/common/-/common-2.4.6.tgz"
    },
    "@angular/compiler": {
      "version": "2.4.6",
      "from": "@angular/compiler@2.4.6",
      "resolved": "https://registry.npmjs.org/@angular/compiler/-/compiler-2.4.6.tgz"
    },
    "@angular/core": {
      "version": "2.4.6",
      "from": "@angular/core@2.4.6",
      "resolved": "https://registry.npmjs.org/@angular/core/-/core-2.4.6.tgz"
    },
    "@angular/forms": {
      "version": "2.4.6",
      "from": "@angular/forms@2.4.6",
      "resolved": "https://registry.npmjs.org/@angular/forms/-/forms-2.4.6.tgz"
    },
    "@angular/http": {
      "version": "2.4.6",
      "from": "@angular/http@2.4.6",
      "resolved": "https://registry.npmjs.org/@angular/http/-/http-2.4.6.tgz"
    },
    "@angular/platform-browser": {
      "version": "2.4.6",
      "from": "@angular/platform-browser@2.4.6",
      "resolved": "https://registry.npmjs.org/@angular/platform-browser/-/platform-browser-2.4.6.tgz"
    },
    "@angular/platform-browser-dynamic": {
      "version": "2.4.6",
      "from": "@angular/platform-browser-dynamic@2.4.6",
      "resolved": "https://registry.npmjs.org/@angular/platform-browser-dynamic/-/platform-browser-dynamic-2.4.6.tgz"
    },
    "@angular/router": {
      "version": "3.4.6",
      "from": "@angular/router@3.4.6",
      "resolved": "https://registry.npmjs.org/@angular/router/-/router-3.4.6.tgz"
    },
    "@ngrx/core": {
      "version": "1.2.0",
      "from": "@ngrx/core@1.2.0",
      "resolved": "https://registry.npmjs.org/@ngrx/core/-/core-1.2.0.tgz"
    },
    "@ngrx/store": {
      "version": "2.2.1",
      "from": "@ngrx/store@2.2.1",
      "resolved": "https://registry.npmjs.org/@ngrx/store/-/store-2.2.1.tgz"
    },
    "@ngrx/store-devtools": {
      "version": "3.2.3",
      "from": "@ngrx/store-devtools@3.2.3",
      "resolved": "https://registry.npmjs.org/@ngrx/store-devtools/-/store-devtools-3.2.3.tgz"
    },
    "@ngrx/store-log-monitor": {
      "version": "3.0.2",
      "from": "@ngrx/store-log-monitor@3.0.2",
      "resolved": "https://registry.npmjs.org/@ngrx/store-log-monitor/-/store-log-monitor-3.0.2.tgz"
    },
    "@types/lodash": {
      "version": "4.14.52",
      "from": "@types/lodash@4.14.52",
      "resolved": "https://registry.npmjs.org/@types/lodash/-/lodash-4.14.52.tgz"
    },
    "es6-promise": {
      "version": "4.0.5",
      "from": "es6-promise@4.0.5",
      "resolved": "https://registry.npmjs.org/es6-promise/-/es6-promise-4.0.5.tgz"
    },
    "es6-shim": {
      "version": "0.35.3",
      "from": "es6-shim@0.35.3",
      "resolved": "https://registry.npmjs.org/es6-shim/-/es6-shim-0.35.3.tgz"
    },
    "lodash": {
      "version": "4.17.4",
      "from": "lodash@4.17.4",
      "resolved": "https://registry.npmjs.org/lodash/-/lodash-4.17.4.tgz"
    },
    "reflect-metadata": {
      "version": "0.1.9",
      "from": "reflect-metadata@0.1.9",
      "resolved": "https://registry.npmjs.org/reflect-metadata/-/reflect-metadata-0.1.9.tgz"
    },
    "rxjs": {
      "version": "5.1.0",
      "from": "rxjs@5.1.0",
      "resolved": "https://registry.npmjs.org/rxjs/-/rxjs-5.1.0.tgz"
    },
    "symbol-observable": {
      "version": "1.0.4",
      "from": "symbol-observable@>=1.0.1 <2.0.0",
      "resolved": "https://registry.npmjs.org/symbol-observable/-/symbol-observable-1.0.4.tgz"
    },
    "systemjs": {
      "version": "0.20.5",
      "from": "systemjs@0.20.5",
      "resolved": "https://registry.npmjs.org/systemjs/-/systemjs-0.20.5.tgz"
    },
    "zone.js": {
      "version": "0.7.6",
      "from": "zone.js@0.7.6",
      "resolved": "https://registry.npmjs.org/zone.js/-/zone.js-0.7.6.tgz"
    }
  }
}
